
Microsoft Visual Studio Solution File, Format Version 12.00
# Visual Studio 15
VisualStudioVersion = 15.0.28307.572
MinimumVisualStudioVersion = 10.0.40219.1
Project("{8BC9CEB8-8B4A-11D0-8D11-00A0C91BC942}") = "XMLSerializer", "XMLSerializer\XMLSerializer.vcxproj", "{5E632001-3FC3-4A22-911D-3A71041346FA}"
EndProject
Global
	GlobalSection(SolutionConfigurationPlatforms) = preSolution
		Debug|x64 = Debug|x64
		Debug|x86 = Debug|x86
		Release|x64 = Release|x64
		Release|x86 = Release|x86
	EndGlobalSection
	GlobalSection(ProjectConfigurationPlatforms) = postSolution
		{5E632001-3FC3-4A22-911D-3A71041346FA}.Debug|x64.ActiveCfg = Debug|x64
		{5E632001-3FC3-4A22-911D-3A71041346FA}.Debug|x64.Build.0 = Debug|x64
		{5E632001-3FC3-4A22-911D-3A71041346FA}.Debug|x86.ActiveCfg = Debug|Win32
		{5E632001-3FC3-4A22-911D-3A71041346FA}.Debug|x86.Build.0 = Debug|Win32
		{5E632001-3FC3-4A22-911D-3A71041346FA}.Release|x64.ActiveCfg = Release|x64
		{5E632001-3FC3-4A22-911D-3A71041346FA}.Release|x64.Build.0 = Release|x64
		{5E632001-3FC3-4A22-911D-3A71041346FA}.Release|x86.ActiveCfg = Release|Win32
		{5E632001-3FC3-4A22-911D-3A71041346FA}.Release|x86.Build.0 = Release|Win32
	EndGlobalSection
	GlobalSection(SolutionProperties) = preSolution
		HideSolutionNode = FALSE
	EndGlobalSection
	GlobalSection(ExtensibilityGlobals) = postSolution
		SolutionGuid = {9BEB6297-A965-4E8A-AF7F-B5EDF2A69298}
	EndGlobalSection
EndGlobal
